{
  "name": "resumeflowmark2.rfm2",
  "version": "1.0.0",
  "lockfileVersion": 3,
  "requires": true,
  "packages": {
    "": {
      "name": "resumeflowmark2.rfm2",
      "version": "1.0.0",
      "license": "ISC",
      "dependencies": {
        "thinking-orbs": "^0.3.1"
      }
    },
    "node_modules/thinking-orbs": {
      "version": "0.3.1",
      "resolved": "https://registry.npmjs.org/thinking-orbs/-/thinking-orbs-0.3.1.tgz",
      "integrity": "sha512-3BG1aeB1RUTxItCml/BBuIz5JRM4kZqGuyx+vouv0fXTtcR9ZNoKjWGneHPx94y74GxgArwJZ1qbJR5dt54kSw==",
      "license": "MIT",
      "peerDependencies": {
        "react": ">=18.0.0"
      }
    }
  }
}
